
Microsoft Visual Studio Solution File, Format Version 12.00
# Visual Studio Version 16
VisualStudioVersion = 16.0.30804.86
MinimumVisualStudioVersion = 10.0.40219.1
Project("{9A19103F-16F7-4668-BE54-9A1E7A4F7556}") = "KhotsoCBookStore.API", "KhotsoCBookStore.API\KhotsoCBookStore.API.csproj", "{74344206-6F1D-46FF-B480-409E98717325}"
EndProject
Project("{9A19103F-16F7-4668-BE54-9A1E7A4F7556}") = "KhotsoCBookStore.API.Tests", "KhotsoCBookStore.API.Tests\KhotsoCBookStore.API.Tests.csproj", "{994E8F80-8572-4F5E-916B-53985764A258}"
EndProject
Project("{9A19103F-16F7-4668-BE54-9A1E7A4F7556}") = "StarPeace.IDP", "StarPeace.IDP\StarPeace.IDP.csproj", "{79504CD5-093A-41D3-A16E-82FDA7E5059A}"
EndProject
Global
	GlobalSection(SolutionConfigurationPlatforms) = preSolution
		Debug|Any CPU = Debug|Any CPU
		Release|Any CPU = Release|Any CPU
	EndGlobalSection
	GlobalSection(ProjectConfigurationPlatforms) = postSolution
		{74344206-6F1D-46FF-B480-409E98717325}.Debug|Any CPU.ActiveCfg = Debug|Any CPU
		{74344206-6F1D-46FF-B480-409E98717325}.Debug|Any CPU.Build.0 = Debug|Any CPU
		{74344206-6F1D-46FF-B480-409E98717325}.Release|Any CPU.ActiveCfg = Release|Any CPU
		{74344206-6F1D-46FF-B480-409E98717325}.Release|Any CPU.Build.0 = Release|Any CPU
		{994E8F80-8572-4F5E-916B-53985764A258}.Debug|Any CPU.ActiveCfg = Debug|Any CPU
		{994E8F80-8572-4F5E-916B-53985764A258}.Debug|Any CPU.Build.0 = Debug|Any CPU
		{994E8F80-8572-4F5E-916B-53985764A258}.Release|Any CPU.ActiveCfg = Release|Any CPU
		{994E8F80-8572-4F5E-916B-53985764A258}.Release|Any CPU.Build.0 = Release|Any CPU
		{79504CD5-093A-41D3-A16E-82FDA7E5059A}.Debug|Any CPU.ActiveCfg = Debug|Any CPU
		{79504CD5-093A-41D3-A16E-82FDA7E5059A}.Debug|Any CPU.Build.0 = Debug|Any CPU
		{79504CD5-093A-41D3-A16E-82FDA7E5059A}.Release|Any CPU.ActiveCfg = Release|Any CPU
		{79504CD5-093A-41D3-A16E-82FDA7E5059A}.Release|Any CPU.Build.0 = Release|Any CPU
	EndGlobalSection
	GlobalSection(SolutionProperties) = preSolution
		HideSolutionNode = FALSE
	EndGlobalSection
	GlobalSection(ExtensibilityGlobals) = postSolution
		SolutionGuid = {15D58119-54D0-4E26-8235-4CC7D7D9BE81}
	EndGlobalSection
EndGlobal
