
Microsoft Visual Studio Solution File, Format Version 12.00
# Visual Studio Version 16
VisualStudioVersion = 16.0.30804.86
MinimumVisualStudioVersion = 10.0.40219.1
Project("{9A19103F-16F7-4668-BE54-9A1E7A4F7556}") = "KhotsoCBookStore.API", "KhotsoCBookStore.API\KhotsoCBookStore.API.csproj", "{74344206-6F1D-46FF-B480-409E98717325}"
EndProject
Project("{9A19103F-16F7-4668-BE54-9A1E7A4F7556}") = "KhotsoCBookStore.API.Tests", "KhotsoCBookStore.API.Tests\KhotsoCBookStore.API.Tests.csproj", "{994E8F80-8572-4F5E-916B-53985764A258}"
EndProject
Project("{9A19103F-16F7-4668-BE54-9A1E7A4F7556}") = "StarPeace.IDP", "StarPeace.IDP\StarPeace.IDP.csproj", "{79504CD5-093A-41D3-A16E-82FDA7E5059A}"
EndProject
Project("{9A19103F-16F7-4668-BE54-9A1E7A4F7556}") = "BookCover.API", "KhotsoCBookStore.API\Faces\FacesApi\BookCover.API.csproj", "{95203C1E-0D85-4470-B7B6-714F98518A4D}"
EndProject
Project("{2150E333-8FDC-42A3-9474-1A3956D46DE8}") = "Tests", "Tests", "{DB244B4D-9D2D-4E44-B33D-191F9E99245F}"
EndProject
Project("{2150E333-8FDC-42A3-9474-1A3956D46DE8}") = "Customers", "Customers", "{F69D8A6A-91C4-44FC-9026-C5F79B0104BA}"
EndProject
Project("{2150E333-8FDC-42A3-9474-1A3956D46DE8}") = "Orders", "Orders", "{713A3E30-FBE7-4ED9-A7D1-B28250087E30}"
EndProject
Project("{2150E333-8FDC-42A3-9474-1A3956D46DE8}") = "SharedLib", "SharedLib", "{A725F9E0-92F4-4381-85C2-B367393489F2}"
EndProject
Project("{9A19103F-16F7-4668-BE54-9A1E7A4F7556}") = "MessagingConstantsAndInterfaces", "SharedLib\MessagingConstantsAndInterfaces\MessagingConstantsAndInterfaces.csproj", "{3684C748-F69F-4DD0-8C9E-2D42F94409E0}"
EndProject
Project("{2150E333-8FDC-42A3-9474-1A3956D46DE8}") = "Security", "Security", "{CC92D1CA-8F94-4983-87F8-2F5505107A2F}"
EndProject
Project("{2150E333-8FDC-42A3-9474-1A3956D46DE8}") = "BookCover", "BookCover", "{D3311D9F-F9CB-40D1-9DB1-475EE817AB5F}"
EndProject
Project("{2150E333-8FDC-42A3-9474-1A3956D46DE8}") = "API", "API", "{FA6656A4-8693-453A-92CD-0FB956AD8D99}"
EndProject
Project("{FAE04EC0-301F-11D3-BF4B-00C04F79EFBC}") = "Orders.API", "Orders.API\Orders.API.csproj", "{5E921FE1-1D8E-491E-9890-05631A9E7681}"
EndProject
Project("{9A19103F-16F7-4668-BE54-9A1E7A4F7556}") = "EmailService", "Customers\EmailService\EmailService.csproj", "{DFA62CE1-9364-4A09-966A-AB41B4206163}"
EndProject
Project("{9A19103F-16F7-4668-BE54-9A1E7A4F7556}") = "Notification", "Customers\Notification\Notification.csproj", "{F61D5456-3CC3-433B-8641-BB19835CF962}"
EndProject
Global
	GlobalSection(SolutionConfigurationPlatforms) = preSolution
		Debug|Any CPU = Debug|Any CPU
		Release|Any CPU = Release|Any CPU
	EndGlobalSection
	GlobalSection(ProjectConfigurationPlatforms) = postSolution
		{74344206-6F1D-46FF-B480-409E98717325}.Debug|Any CPU.ActiveCfg = Debug|Any CPU
		{74344206-6F1D-46FF-B480-409E98717325}.Debug|Any CPU.Build.0 = Debug|Any CPU
		{74344206-6F1D-46FF-B480-409E98717325}.Release|Any CPU.ActiveCfg = Release|Any CPU
		{74344206-6F1D-46FF-B480-409E98717325}.Release|Any CPU.Build.0 = Release|Any CPU
		{994E8F80-8572-4F5E-916B-53985764A258}.Debug|Any CPU.ActiveCfg = Debug|Any CPU
		{994E8F80-8572-4F5E-916B-53985764A258}.Debug|Any CPU.Build.0 = Debug|Any CPU
		{994E8F80-8572-4F5E-916B-53985764A258}.Release|Any CPU.ActiveCfg = Release|Any CPU
		{994E8F80-8572-4F5E-916B-53985764A258}.Release|Any CPU.Build.0 = Release|Any CPU
		{79504CD5-093A-41D3-A16E-82FDA7E5059A}.Debug|Any CPU.ActiveCfg = Debug|Any CPU
		{79504CD5-093A-41D3-A16E-82FDA7E5059A}.Debug|Any CPU.Build.0 = Debug|Any CPU
		{79504CD5-093A-41D3-A16E-82FDA7E5059A}.Release|Any CPU.ActiveCfg = Release|Any CPU
		{79504CD5-093A-41D3-A16E-82FDA7E5059A}.Release|Any CPU.Build.0 = Release|Any CPU
		{95203C1E-0D85-4470-B7B6-714F98518A4D}.Debug|Any CPU.ActiveCfg = Debug|Any CPU
		{95203C1E-0D85-4470-B7B6-714F98518A4D}.Debug|Any CPU.Build.0 = Debug|Any CPU
		{95203C1E-0D85-4470-B7B6-714F98518A4D}.Release|Any CPU.ActiveCfg = Release|Any CPU
		{95203C1E-0D85-4470-B7B6-714F98518A4D}.Release|Any CPU.Build.0 = Release|Any CPU
		{3684C748-F69F-4DD0-8C9E-2D42F94409E0}.Debug|Any CPU.ActiveCfg = Debug|Any CPU
		{3684C748-F69F-4DD0-8C9E-2D42F94409E0}.Debug|Any CPU.Build.0 = Debug|Any CPU
		{3684C748-F69F-4DD0-8C9E-2D42F94409E0}.Release|Any CPU.ActiveCfg = Release|Any CPU
		{3684C748-F69F-4DD0-8C9E-2D42F94409E0}.Release|Any CPU.Build.0 = Release|Any CPU
		{5E921FE1-1D8E-491E-9890-05631A9E7681}.Debug|Any CPU.ActiveCfg = Debug|Any CPU
		{5E921FE1-1D8E-491E-9890-05631A9E7681}.Debug|Any CPU.Build.0 = Debug|Any CPU
		{5E921FE1-1D8E-491E-9890-05631A9E7681}.Release|Any CPU.ActiveCfg = Release|Any CPU
		{5E921FE1-1D8E-491E-9890-05631A9E7681}.Release|Any CPU.Build.0 = Release|Any CPU
		{DFA62CE1-9364-4A09-966A-AB41B4206163}.Debug|Any CPU.ActiveCfg = Debug|Any CPU
		{DFA62CE1-9364-4A09-966A-AB41B4206163}.Debug|Any CPU.Build.0 = Debug|Any CPU
		{DFA62CE1-9364-4A09-966A-AB41B4206163}.Release|Any CPU.ActiveCfg = Release|Any CPU
		{DFA62CE1-9364-4A09-966A-AB41B4206163}.Release|Any CPU.Build.0 = Release|Any CPU
		{F61D5456-3CC3-433B-8641-BB19835CF962}.Debug|Any CPU.ActiveCfg = Debug|Any CPU
		{F61D5456-3CC3-433B-8641-BB19835CF962}.Debug|Any CPU.Build.0 = Debug|Any CPU
		{F61D5456-3CC3-433B-8641-BB19835CF962}.Release|Any CPU.ActiveCfg = Release|Any CPU
		{F61D5456-3CC3-433B-8641-BB19835CF962}.Release|Any CPU.Build.0 = Release|Any CPU
	EndGlobalSection
	GlobalSection(SolutionProperties) = preSolution
		HideSolutionNode = FALSE
	EndGlobalSection
	GlobalSection(NestedProjects) = preSolution
		{74344206-6F1D-46FF-B480-409E98717325} = {FA6656A4-8693-453A-92CD-0FB956AD8D99}
		{994E8F80-8572-4F5E-916B-53985764A258} = {DB244B4D-9D2D-4E44-B33D-191F9E99245F}
		{79504CD5-093A-41D3-A16E-82FDA7E5059A} = {CC92D1CA-8F94-4983-87F8-2F5505107A2F}
		{95203C1E-0D85-4470-B7B6-714F98518A4D} = {D3311D9F-F9CB-40D1-9DB1-475EE817AB5F}
		{3684C748-F69F-4DD0-8C9E-2D42F94409E0} = {A725F9E0-92F4-4381-85C2-B367393489F2}
		{5E921FE1-1D8E-491E-9890-05631A9E7681} = {713A3E30-FBE7-4ED9-A7D1-B28250087E30}
		{DFA62CE1-9364-4A09-966A-AB41B4206163} = {F69D8A6A-91C4-44FC-9026-C5F79B0104BA}
		{F61D5456-3CC3-433B-8641-BB19835CF962} = {F69D8A6A-91C4-44FC-9026-C5F79B0104BA}
	EndGlobalSection
	GlobalSection(ExtensibilityGlobals) = postSolution
		SolutionGuid = {15D58119-54D0-4E26-8235-4CC7D7D9BE81}
	EndGlobalSection
EndGlobal
