
Microsoft Visual Studio Solution File, Format Version 12.00
# Visual Studio Version 16
VisualStudioVersion = 16.0.30114.105
MinimumVisualStudioVersion = 10.0.40219.1
Project("{FAE04EC0-301F-11D3-BF4B-00C04F79EFBC}") = "KhotsoCBookStore.API", "KhotsoCBookStore.API\KhotsoCBookStore.API.csproj", "{E046F137-EC28-4D18-A81E-AB5E203C892A}"
EndProject
Project("{FAE04EC0-301F-11D3-BF4B-00C04F79EFBC}") = "KhotsoCBookStore.API.Tests", "KhotsoCBookStore.API.Tests\KhotsoCBookStore.API.Tests.csproj", "{243D5B47-6783-4A9C-926B-059E8959B954}"
EndProject
Project("{FAE04EC0-301F-11D3-BF4B-00C04F79EFBC}") = "StarPeaceAdminHubDB", "StarPeaceAdminHubDB\StarPeaceAdminHubDB.csproj", "{56660DA3-08B5-44CE-AD74-ACB329C584A7}"
EndProject
Project("{FAE04EC0-301F-11D3-BF4B-00C04F79EFBC}") = "StarPeaceAdminHubDomain", "StarPeaceAdminHubDomain\StarPeaceAdminHubDomain.csproj", "{EB454CDB-45DA-4320-8CA7-88D7168BD7D1}"
EndProject
Project("{FAE04EC0-301F-11D3-BF4B-00C04F79EFBC}") = "StarPeace.Core", "StarPeace.Core\StarPeace.Core.csproj", "{201843A3-2FE6-4B48-AECA-19C1A0612EC2}"
EndProject
Project("{FAE04EC0-301F-11D3-BF4B-00C04F79EFBC}") = "StarPeaceAdminHub", "StarPeaceAdminHub\StarPeaceAdminHub.csproj", "{978B1B1A-4E30-4634-9EEC-7E40A5B16BA2}"
EndProject
Project("{FAE04EC0-301F-11D3-BF4B-00C04F79EFBC}") = "StarPeaceAdminHubTest", "StarPeaceAdminHubTest\StarPeaceAdminHubTest.csproj", "{130B88A2-6BC6-44EB-9839-426D68D380FB}"
EndProject
Global
	GlobalSection(SolutionConfigurationPlatforms) = preSolution
		Debug|Any CPU = Debug|Any CPU
		Debug|x64 = Debug|x64
		Debug|x86 = Debug|x86
		Release|Any CPU = Release|Any CPU
		Release|x64 = Release|x64
		Release|x86 = Release|x86
	EndGlobalSection
	GlobalSection(SolutionProperties) = preSolution
		HideSolutionNode = FALSE
	EndGlobalSection
	GlobalSection(ProjectConfigurationPlatforms) = postSolution
		{E046F137-EC28-4D18-A81E-AB5E203C892A}.Debug|Any CPU.ActiveCfg = Debug|Any CPU
		{E046F137-EC28-4D18-A81E-AB5E203C892A}.Debug|Any CPU.Build.0 = Debug|Any CPU
		{E046F137-EC28-4D18-A81E-AB5E203C892A}.Debug|x64.ActiveCfg = Debug|Any CPU
		{E046F137-EC28-4D18-A81E-AB5E203C892A}.Debug|x64.Build.0 = Debug|Any CPU
		{E046F137-EC28-4D18-A81E-AB5E203C892A}.Debug|x86.ActiveCfg = Debug|Any CPU
		{E046F137-EC28-4D18-A81E-AB5E203C892A}.Debug|x86.Build.0 = Debug|Any CPU
		{E046F137-EC28-4D18-A81E-AB5E203C892A}.Release|Any CPU.ActiveCfg = Release|Any CPU
		{E046F137-EC28-4D18-A81E-AB5E203C892A}.Release|Any CPU.Build.0 = Release|Any CPU
		{E046F137-EC28-4D18-A81E-AB5E203C892A}.Release|x64.ActiveCfg = Release|Any CPU
		{E046F137-EC28-4D18-A81E-AB5E203C892A}.Release|x64.Build.0 = Release|Any CPU
		{E046F137-EC28-4D18-A81E-AB5E203C892A}.Release|x86.ActiveCfg = Release|Any CPU
		{E046F137-EC28-4D18-A81E-AB5E203C892A}.Release|x86.Build.0 = Release|Any CPU
		{243D5B47-6783-4A9C-926B-059E8959B954}.Debug|Any CPU.ActiveCfg = Debug|Any CPU
		{243D5B47-6783-4A9C-926B-059E8959B954}.Debug|Any CPU.Build.0 = Debug|Any CPU
		{243D5B47-6783-4A9C-926B-059E8959B954}.Debug|x64.ActiveCfg = Debug|Any CPU
		{243D5B47-6783-4A9C-926B-059E8959B954}.Debug|x64.Build.0 = Debug|Any CPU
		{243D5B47-6783-4A9C-926B-059E8959B954}.Debug|x86.ActiveCfg = Debug|Any CPU
		{243D5B47-6783-4A9C-926B-059E8959B954}.Debug|x86.Build.0 = Debug|Any CPU
		{243D5B47-6783-4A9C-926B-059E8959B954}.Release|Any CPU.ActiveCfg = Release|Any CPU
		{243D5B47-6783-4A9C-926B-059E8959B954}.Release|Any CPU.Build.0 = Release|Any CPU
		{243D5B47-6783-4A9C-926B-059E8959B954}.Release|x64.ActiveCfg = Release|Any CPU
		{243D5B47-6783-4A9C-926B-059E8959B954}.Release|x64.Build.0 = Release|Any CPU
		{243D5B47-6783-4A9C-926B-059E8959B954}.Release|x86.ActiveCfg = Release|Any CPU
		{243D5B47-6783-4A9C-926B-059E8959B954}.Release|x86.Build.0 = Release|Any CPU
		{56660DA3-08B5-44CE-AD74-ACB329C584A7}.Debug|Any CPU.ActiveCfg = Debug|Any CPU
		{56660DA3-08B5-44CE-AD74-ACB329C584A7}.Debug|Any CPU.Build.0 = Debug|Any CPU
		{56660DA3-08B5-44CE-AD74-ACB329C584A7}.Debug|x64.ActiveCfg = Debug|Any CPU
		{56660DA3-08B5-44CE-AD74-ACB329C584A7}.Debug|x64.Build.0 = Debug|Any CPU
		{56660DA3-08B5-44CE-AD74-ACB329C584A7}.Debug|x86.ActiveCfg = Debug|Any CPU
		{56660DA3-08B5-44CE-AD74-ACB329C584A7}.Debug|x86.Build.0 = Debug|Any CPU
		{56660DA3-08B5-44CE-AD74-ACB329C584A7}.Release|Any CPU.ActiveCfg = Release|Any CPU
		{56660DA3-08B5-44CE-AD74-ACB329C584A7}.Release|Any CPU.Build.0 = Release|Any CPU
		{56660DA3-08B5-44CE-AD74-ACB329C584A7}.Release|x64.ActiveCfg = Release|Any CPU
		{56660DA3-08B5-44CE-AD74-ACB329C584A7}.Release|x64.Build.0 = Release|Any CPU
		{56660DA3-08B5-44CE-AD74-ACB329C584A7}.Release|x86.ActiveCfg = Release|Any CPU
		{56660DA3-08B5-44CE-AD74-ACB329C584A7}.Release|x86.Build.0 = Release|Any CPU
		{D43C4707-3872-4B96-9583-4462B8E2015F}.Debug|Any CPU.ActiveCfg = Debug|Any CPU
		{D43C4707-3872-4B96-9583-4462B8E2015F}.Debug|Any CPU.Build.0 = Debug|Any CPU
		{D43C4707-3872-4B96-9583-4462B8E2015F}.Debug|x64.ActiveCfg = Debug|Any CPU
		{D43C4707-3872-4B96-9583-4462B8E2015F}.Debug|x64.Build.0 = Debug|Any CPU
		{D43C4707-3872-4B96-9583-4462B8E2015F}.Debug|x86.ActiveCfg = Debug|Any CPU
		{D43C4707-3872-4B96-9583-4462B8E2015F}.Debug|x86.Build.0 = Debug|Any CPU
		{D43C4707-3872-4B96-9583-4462B8E2015F}.Release|Any CPU.ActiveCfg = Release|Any CPU
		{D43C4707-3872-4B96-9583-4462B8E2015F}.Release|Any CPU.Build.0 = Release|Any CPU
		{D43C4707-3872-4B96-9583-4462B8E2015F}.Release|x64.ActiveCfg = Release|Any CPU
		{D43C4707-3872-4B96-9583-4462B8E2015F}.Release|x64.Build.0 = Release|Any CPU
		{D43C4707-3872-4B96-9583-4462B8E2015F}.Release|x86.ActiveCfg = Release|Any CPU
		{D43C4707-3872-4B96-9583-4462B8E2015F}.Release|x86.Build.0 = Release|Any CPU
		{EB454CDB-45DA-4320-8CA7-88D7168BD7D1}.Debug|Any CPU.ActiveCfg = Debug|Any CPU
		{EB454CDB-45DA-4320-8CA7-88D7168BD7D1}.Debug|Any CPU.Build.0 = Debug|Any CPU
		{EB454CDB-45DA-4320-8CA7-88D7168BD7D1}.Debug|x64.ActiveCfg = Debug|Any CPU
		{EB454CDB-45DA-4320-8CA7-88D7168BD7D1}.Debug|x64.Build.0 = Debug|Any CPU
		{EB454CDB-45DA-4320-8CA7-88D7168BD7D1}.Debug|x86.ActiveCfg = Debug|Any CPU
		{EB454CDB-45DA-4320-8CA7-88D7168BD7D1}.Debug|x86.Build.0 = Debug|Any CPU
		{EB454CDB-45DA-4320-8CA7-88D7168BD7D1}.Release|Any CPU.ActiveCfg = Release|Any CPU
		{EB454CDB-45DA-4320-8CA7-88D7168BD7D1}.Release|Any CPU.Build.0 = Release|Any CPU
		{EB454CDB-45DA-4320-8CA7-88D7168BD7D1}.Release|x64.ActiveCfg = Release|Any CPU
		{EB454CDB-45DA-4320-8CA7-88D7168BD7D1}.Release|x64.Build.0 = Release|Any CPU
		{EB454CDB-45DA-4320-8CA7-88D7168BD7D1}.Release|x86.ActiveCfg = Release|Any CPU
		{EB454CDB-45DA-4320-8CA7-88D7168BD7D1}.Release|x86.Build.0 = Release|Any CPU
		{201843A3-2FE6-4B48-AECA-19C1A0612EC2}.Debug|Any CPU.ActiveCfg = Debug|Any CPU
		{201843A3-2FE6-4B48-AECA-19C1A0612EC2}.Debug|Any CPU.Build.0 = Debug|Any CPU
		{201843A3-2FE6-4B48-AECA-19C1A0612EC2}.Debug|x64.ActiveCfg = Debug|Any CPU
		{201843A3-2FE6-4B48-AECA-19C1A0612EC2}.Debug|x64.Build.0 = Debug|Any CPU
		{201843A3-2FE6-4B48-AECA-19C1A0612EC2}.Debug|x86.ActiveCfg = Debug|Any CPU
		{201843A3-2FE6-4B48-AECA-19C1A0612EC2}.Debug|x86.Build.0 = Debug|Any CPU
		{201843A3-2FE6-4B48-AECA-19C1A0612EC2}.Release|Any CPU.ActiveCfg = Release|Any CPU
		{201843A3-2FE6-4B48-AECA-19C1A0612EC2}.Release|Any CPU.Build.0 = Release|Any CPU
		{201843A3-2FE6-4B48-AECA-19C1A0612EC2}.Release|x64.ActiveCfg = Release|Any CPU
		{201843A3-2FE6-4B48-AECA-19C1A0612EC2}.Release|x64.Build.0 = Release|Any CPU
		{201843A3-2FE6-4B48-AECA-19C1A0612EC2}.Release|x86.ActiveCfg = Release|Any CPU
		{201843A3-2FE6-4B48-AECA-19C1A0612EC2}.Release|x86.Build.0 = Release|Any CPU
		{978B1B1A-4E30-4634-9EEC-7E40A5B16BA2}.Debug|Any CPU.ActiveCfg = Debug|Any CPU
		{978B1B1A-4E30-4634-9EEC-7E40A5B16BA2}.Debug|Any CPU.Build.0 = Debug|Any CPU
		{978B1B1A-4E30-4634-9EEC-7E40A5B16BA2}.Debug|x64.ActiveCfg = Debug|Any CPU
		{978B1B1A-4E30-4634-9EEC-7E40A5B16BA2}.Debug|x64.Build.0 = Debug|Any CPU
		{978B1B1A-4E30-4634-9EEC-7E40A5B16BA2}.Debug|x86.ActiveCfg = Debug|Any CPU
		{978B1B1A-4E30-4634-9EEC-7E40A5B16BA2}.Debug|x86.Build.0 = Debug|Any CPU
		{978B1B1A-4E30-4634-9EEC-7E40A5B16BA2}.Release|Any CPU.ActiveCfg = Release|Any CPU
		{978B1B1A-4E30-4634-9EEC-7E40A5B16BA2}.Release|Any CPU.Build.0 = Release|Any CPU
		{978B1B1A-4E30-4634-9EEC-7E40A5B16BA2}.Release|x64.ActiveCfg = Release|Any CPU
		{978B1B1A-4E30-4634-9EEC-7E40A5B16BA2}.Release|x64.Build.0 = Release|Any CPU
		{978B1B1A-4E30-4634-9EEC-7E40A5B16BA2}.Release|x86.ActiveCfg = Release|Any CPU
		{978B1B1A-4E30-4634-9EEC-7E40A5B16BA2}.Release|x86.Build.0 = Release|Any CPU
		{130B88A2-6BC6-44EB-9839-426D68D380FB}.Debug|Any CPU.ActiveCfg = Debug|Any CPU
		{130B88A2-6BC6-44EB-9839-426D68D380FB}.Debug|Any CPU.Build.0 = Debug|Any CPU
		{130B88A2-6BC6-44EB-9839-426D68D380FB}.Debug|x64.ActiveCfg = Debug|Any CPU
		{130B88A2-6BC6-44EB-9839-426D68D380FB}.Debug|x64.Build.0 = Debug|Any CPU
		{130B88A2-6BC6-44EB-9839-426D68D380FB}.Debug|x86.ActiveCfg = Debug|Any CPU
		{130B88A2-6BC6-44EB-9839-426D68D380FB}.Debug|x86.Build.0 = Debug|Any CPU
		{130B88A2-6BC6-44EB-9839-426D68D380FB}.Release|Any CPU.ActiveCfg = Release|Any CPU
		{130B88A2-6BC6-44EB-9839-426D68D380FB}.Release|Any CPU.Build.0 = Release|Any CPU
		{130B88A2-6BC6-44EB-9839-426D68D380FB}.Release|x64.ActiveCfg = Release|Any CPU
		{130B88A2-6BC6-44EB-9839-426D68D380FB}.Release|x64.Build.0 = Release|Any CPU
		{130B88A2-6BC6-44EB-9839-426D68D380FB}.Release|x86.ActiveCfg = Release|Any CPU
		{130B88A2-6BC6-44EB-9839-426D68D380FB}.Release|x86.Build.0 = Release|Any CPU
	EndGlobalSection
EndGlobal
